
Microsoft Visual Studio Solution File, Format Version 12.00
# Visual Studio Version 16
VisualStudioVersion = 16.0.30907.101
MinimumVisualStudioVersion = 10.0.40219.1
Project("{FAE04EC0-301F-11D3-BF4B-00C04F79EFBC}") = "RepairShop.Web", "RepairShop\RepairShop.Web.csproj", "{CD3D313B-AC1E-41D1-ADB0-281A008332D6}"
EndProject
Project("{FAE04EC0-301F-11D3-BF4B-00C04F79EFBC}") = "RepairShop.Data", "RepairShop.Data\RepairShop.Data.csproj", "{B8C370D4-D5EA-4DA1-83F9-3E3A83C45254}"
EndProject
Global
	GlobalSection(SolutionConfigurationPlatforms) = preSolution
		Debug|Any CPU = Debug|Any CPU
		Release|Any CPU = Release|Any CPU
	EndGlobalSection
	GlobalSection(ProjectConfigurationPlatforms) = postSolution
		{CD3D313B-AC1E-41D1-ADB0-281A008332D6}.Debug|Any CPU.ActiveCfg = Debug|Any CPU
		{CD3D313B-AC1E-41D1-ADB0-281A008332D6}.Debug|Any CPU.Build.0 = Debug|Any CPU
		{CD3D313B-AC1E-41D1-ADB0-281A008332D6}.Release|Any CPU.ActiveCfg = Release|Any CPU
		{CD3D313B-AC1E-41D1-ADB0-281A008332D6}.Release|Any CPU.Build.0 = Release|Any CPU
		{B8C370D4-D5EA-4DA1-83F9-3E3A83C45254}.Debug|Any CPU.ActiveCfg = Debug|Any CPU
		{B8C370D4-D5EA-4DA1-83F9-3E3A83C45254}.Debug|Any CPU.Build.0 = Debug|Any CPU
		{B8C370D4-D5EA-4DA1-83F9-3E3A83C45254}.Release|Any CPU.ActiveCfg = Release|Any CPU
		{B8C370D4-D5EA-4DA1-83F9-3E3A83C45254}.Release|Any CPU.Build.0 = Release|Any CPU
	EndGlobalSection
	GlobalSection(SolutionProperties) = preSolution
		HideSolutionNode = FALSE
	EndGlobalSection
	GlobalSection(ExtensibilityGlobals) = postSolution
		SolutionGuid = {7F1D8D18-0142-498D-B4CD-E7FD252368A5}
	EndGlobalSection
EndGlobal
